
Microsoft Visual Studio Solution File, Format Version 12.00
# Visual Studio Version 16
VisualStudioVersion = 16.0.29418.71
MinimumVisualStudioVersion = 10.0.40219.1
Project("{FAE04EC0-301F-11D3-BF4B-00C04F79EFBC}") = "FlashAudio", "FlashAudio\FlashAudio.csproj", "{3AF7827B-99C4-4D8B-B475-AC1F1B06CA19}"
EndProject
Global
	GlobalSection(SolutionConfigurationPlatforms) = preSolution
		Debug|Any CPU = Debug|Any CPU
		Release|Any CPU = Release|Any CPU
	EndGlobalSection
	GlobalSection(ProjectConfigurationPlatforms) = postSolution
		{3AF7827B-99C4-4D8B-B475-AC1F1B06CA19}.Debug|Any CPU.ActiveCfg = Debug|Any CPU
		{3AF7827B-99C4-4D8B-B475-AC1F1B06CA19}.Debug|Any CPU.Build.0 = Debug|Any CPU
		{3AF7827B-99C4-4D8B-B475-AC1F1B06CA19}.Release|Any CPU.ActiveCfg = Release|Any CPU
		{3AF7827B-99C4-4D8B-B475-AC1F1B06CA19}.Release|Any CPU.Build.0 = Release|Any CPU
	EndGlobalSection
	GlobalSection(SolutionProperties) = preSolution
		HideSolutionNode = FALSE
	EndGlobalSection
	GlobalSection(ExtensibilityGlobals) = postSolution
		SolutionGuid = {EC922F43-43D2-4662-9A2E-7FBA42F5F767}
	EndGlobalSection
EndGlobal
